{
  "name": "TodoApp",
  "lockfileVersion": 3,
  "requires": true,
  "packages": {
    "": {
      "dependencies": {
        "todoapp": "file:.."
      }
    },
    "..": {
      "name": "todoapp",
      "version": "1.0.0",
      "dependencies": {
        "autopromote-server": "file:..",
        "expo": "~53.0.22",
        "expo-status-bar": "~2.2.3",
        "hono": "^4.11.7",
        "react": "19.0.0",
        "react-native": "0.79.6",
        "undici": "^7.18.2"
      },
      "devDependencies": {
        "@babel/core": "^7.20.0"
      }
    },
    "node_modules/todoapp": {
      "resolved": "..",
      "link": true
    }
  }
}
